// !$*UTF8*$!
{
	archiveVersion = 1;
	classes = {
	};
	objectVersion = 56;
	objects = {

/* Begin PBXBuildFile section */
		38823CE12BB68751000E7282 /* AppCoordinator.swift in Sources */ = {isa = PBXBuildFile; fileRef = 38823CE02BB68751000E7282 /* AppCoordinator.swift */; };
		3890A4442BB5E2DA00CEFB05 /* AppDelegate.swift in Sources */ = {isa = PBXBuildFile; fileRef = 3890A4432BB5E2DA00CEFB05 /* AppDelegate.swift */; };
		3890A4462BB5E2DA00CEFB05 /* SceneDelegate.swift in Sources */ = {isa = PBXBuildFile; fileRef = 3890A4452BB5E2DA00CEFB05 /* SceneDelegate.swift */; };
		3890A4482BB5E2DA00CEFB05 /* ViewController.swift in Sources */ = {isa = PBXBuildFile; fileRef = 3890A4472BB5E2DA00CEFB05 /* ViewController.swift */; };
		3890A44D2BB5E2DE00CEFB05 /* Assets.xcassets in Resources */ = {isa = PBXBuildFile; fileRef = 3890A44C2BB5E2DE00CEFB05 /* Assets.xcassets */; };
		3890A4502BB5E2DE00CEFB05 /* LaunchScreen.storyboard in Resources */ = {isa = PBXBuildFile; fileRef = 3890A44E2BB5E2DE00CEFB05 /* LaunchScreen.storyboard */; };
		38EF3FFF2BB8F4A8004DFD61 /* UIKitExtensions.swift in Sources */ = {isa = PBXBuildFile; fileRef = 38EF3FFE2BB8F4A8004DFD61 /* UIKitExtensions.swift */; };
		38EF40032BBB0F7D004DFD61 /* SGHomeViewController.swift in Sources */ = {isa = PBXBuildFile; fileRef = 38EF40012BBB0F7D004DFD61 /* SGHomeViewController.swift */; };
		38EF40042BBB0F7D004DFD61 /* SGHomeViewController.xib in Resources */ = {isa = PBXBuildFile; fileRef = 38EF40022BBB0F7D004DFD61 /* SGHomeViewController.xib */; };
		38EF40072BBB1939004DFD61 /* SGTabbarViewController.swift in Sources */ = {isa = PBXBuildFile; fileRef = 38EF40052BBB1939004DFD61 /* SGTabbarViewController.swift */; };
/* End PBXBuildFile section */

/* Begin PBXFileReference section */
		38823CE02BB68751000E7282 /* AppCoordinator.swift */ = {isa = PBXFileReference; lastKnownFileType = sourcecode.swift; path = AppCoordinator.swift; sourceTree = "<group>"; };
		3890A4402BB5E2DA00CEFB05 /* ScolioGuru.app */ = {isa = PBXFileReference; explicitFileType = wrapper.application; includeInIndex = 0; path = ScolioGuru.app; sourceTree = BUILT_PRODUCTS_DIR; };
		3890A4432BB5E2DA00CEFB05 /* AppDelegate.swift */ = {isa = PBXFileReference; lastKnownFileType = sourcecode.swift; path = AppDelegate.swift; sourceTree = "<group>"; };
		3890A4452BB5E2DA00CEFB05 /* SceneDelegate.swift */ = {isa = PBXFileReference; lastKnownFileType = sourcecode.swift; path = SceneDelegate.swift; sourceTree = "<group>"; };
		3890A4472BB5E2DA00CEFB05 /* ViewController.swift */ = {isa = PBXFileReference; lastKnownFileType = sourcecode.swift; path = ViewController.swift; sourceTree = "<group>"; };
		3890A44C2BB5E2DE00CEFB05 /* Assets.xcassets */ = {isa = PBXFileReference; lastKnownFileType = folder.assetcatalog; path = Assets.xcassets; sourceTree = "<group>"; };
		3890A44F2BB5E2DE00CEFB05 /* Base */ = {isa = PBXFileReference; lastKnownFileType = file.storyboard; name = Base; path = Base.lproj/LaunchScreen.storyboard; sourceTree = "<group>"; };
		3890A4512BB5E2DE00CEFB05 /* Info.plist */ = {isa = PBXFileReference; lastKnownFileType = text.plist.xml; path = Info.plist; sourceTree = "<group>"; };
		38EF3FFE2BB8F4A8004DFD61 /* UIKitExtensions.swift */ = {isa = PBXFileReference; lastKnownFileType = sourcecode.swift; path = UIKitExtensions.swift; sourceTree = "<group>"; };
		38EF40012BBB0F7D004DFD61 /* SGHomeViewController.swift */ = {isa = PBXFileReference; lastKnownFileType = sourcecode.swift; path = SGHomeViewController.swift; sourceTree = "<group>"; };
		38EF40022BBB0F7D004DFD61 /* SGHomeViewController.xib */ = {isa = PBXFileReference; lastKnownFileType = file.xib; path = SGHomeViewController.xib; sourceTree = "<group>"; };
		38EF40052BBB1939004DFD61 /* SGTabbarViewController.swift */ = {isa = PBXFileReference; lastKnownFileType = sourcecode.swift; path = SGTabbarViewController.swift; sourceTree = "<group>"; };
/* End PBXFileReference section */

/* Begin PBXFrameworksBuildPhase section */
		3890A43D2BB5E2DA00CEFB05 /* Frameworks */ = {
			isa = PBXFrameworksBuildPhase;
			buildActionMask = 2147483647;
			files = (
			);
			runOnlyForDeploymentPostprocessing = 0;
		};
/* End PBXFrameworksBuildPhase section */

/* Begin PBXGroup section */
		38823CE22BB6893F000E7282 /* Features */ = {
			isa = PBXGroup;
			children = (
				38EF40002BBB0F67004DFD61 /* Home */,
				38823CE32BB68948000E7282 /* Tabbar */,
			);
			path = Features;
			sourceTree = "<group>";
		};
		38823CE32BB68948000E7282 /* Tabbar */ = {
			isa = PBXGroup;
			children = (
				38EF40052BBB1939004DFD61 /* SGTabbarViewController.swift */,
			);
			path = Tabbar;
			sourceTree = "<group>";
		};
		3890A4372BB5E2DA00CEFB05 = {
			isa = PBXGroup;
			children = (
				3890A4422BB5E2DA00CEFB05 /* ScolioGuru */,
				3890A4412BB5E2DA00CEFB05 /* Products */,
			);
			sourceTree = "<group>";
		};
		3890A4412BB5E2DA00CEFB05 /* Products */ = {
			isa = PBXGroup;
			children = (
				3890A4402BB5E2DA00CEFB05 /* ScolioGuru.app */,
			);
			name = Products;
			sourceTree = "<group>";
		};
		3890A4422BB5E2DA00CEFB05 /* ScolioGuru */ = {
			isa = PBXGroup;
			children = (
				38EF3FFD2BB8F48D004DFD61 /* Extensions */,
				38823CE22BB6893F000E7282 /* Features */,
				3890A4432BB5E2DA00CEFB05 /* AppDelegate.swift */,
				3890A4452BB5E2DA00CEFB05 /* SceneDelegate.swift */,
				3890A4472BB5E2DA00CEFB05 /* ViewController.swift */,
				3890A44C2BB5E2DE00CEFB05 /* Assets.xcassets */,
				3890A44E2BB5E2DE00CEFB05 /* LaunchScreen.storyboard */,
				3890A4512BB5E2DE00CEFB05 /* Info.plist */,
				38823CE02BB68751000E7282 /* AppCoordinator.swift */,
			);
			path = ScolioGuru;
			sourceTree = "<group>";
		};
		38EF3FFD2BB8F48D004DFD61 /* Extensions */ = {
			isa = PBXGroup;
			children = (
				38EF3FFE2BB8F4A8004DFD61 /* UIKitExtensions.swift */,
			);
			path = Extensions;
			sourceTree = "<group>";
		};
		38EF40002BBB0F67004DFD61 /* Home */ = {
			isa = PBXGroup;
			children = (
				38EF40012BBB0F7D004DFD61 /* SGHomeViewController.swift */,
				38EF40022BBB0F7D004DFD61 /* SGHomeViewController.xib */,
			);
			path = Home;
			sourceTree = "<group>";
		};
/* End PBXGroup section */

/* Begin PBXNativeTarget section */
		3890A43F2BB5E2DA00CEFB05 /* ScolioGuru */ = {
			isa = PBXNativeTarget;
			buildConfigurationList = 3890A4542BB5E2DE00CEFB05 /* Build configuration list for PBXNativeTarget "ScolioGuru" */;
			buildPhases = (
				3890A43C2BB5E2DA00CEFB05 /* Sources */,
				3890A43D2BB5E2DA00CEFB05 /* Frameworks */,
				3890A43E2BB5E2DA00CEFB05 /* Resources */,
			);
			buildRules = (
			);
			dependencies = (
			);
			name = ScolioGuru;
			productName = ScolioGuru;
			productReference = 3890A4402BB5E2DA00CEFB05 /* ScolioGuru.app */;
			productType = "com.apple.product-type.application";
		};
/* End PBXNativeTarget section */

/* Begin PBXProject section */
		3890A4382BB5E2DA00CEFB05 /* Project object */ = {
			isa = PBXProject;
			attributes = {
				BuildIndependentTargetsInParallel = 1;
				LastSwiftUpdateCheck = 1520;
				LastUpgradeCheck = 1520;
				TargetAttributes = {
					3890A43F2BB5E2DA00CEFB05 = {
						CreatedOnToolsVersion = 15.2;
					};
				};
			};
			buildConfigurationList = 3890A43B2BB5E2DA00CEFB05 /* Build configuration list for PBXProject "ScolioGuru" */;
			compatibilityVersion = "Xcode 14.0";
			developmentRegion = en;
			hasScannedForEncodings = 0;
			knownRegions = (
				en,
				Base,
			);
			mainGroup = 3890A4372BB5E2DA00CEFB05;
			productRefGroup = 3890A4412BB5E2DA00CEFB05 /* Products */;
			projectDirPath = "";
			projectRoot = "";
			targets = (
				3890A43F2BB5E2DA00CEFB05 /* ScolioGuru */,
			);
		};
/* End PBXProject section */

/* Begin PBXResourcesBuildPhase section */
		3890A43E2BB5E2DA00CEFB05 /* Resources */ = {
			isa = PBXResourcesBuildPhase;
			buildActionMask = 2147483647;
			files = (
				3890A4502BB5E2DE00CEFB05 /* LaunchScreen.storyboard in Resources */,
				3890A44D2BB5E2DE00CEFB05 /* Assets.xcassets in Resources */,
				38EF40042BBB0F7D004DFD61 /* SGHomeViewController.xib in Resources */,
			);
			runOnlyForDeploymentPostprocessing = 0;
		};
/* End PBXResourcesBuildPhase section */

/* Begin PBXSourcesBuildPhase section */
		3890A43C2BB5E2DA00CEFB05 /* Sources */ = {
			isa = PBXSourcesBuildPhase;
			buildActionMask = 2147483647;
			files = (
				3890A4482BB5E2DA00CEFB05 /* ViewController.swift in Sources */,
				38EF3FFF2BB8F4A8004DFD61 /* UIKitExtensions.swift in Sources */,
				38EF40032BBB0F7D004DFD61 /* SGHomeViewController.swift in Sources */,
				3890A4442BB5E2DA00CEFB05 /* AppDelegate.swift in Sources */,
				38823CE12BB68751000E7282 /* AppCoordinator.swift in Sources */,
				3890A4462BB5E2DA00CEFB05 /* SceneDelegate.swift in Sources */,
				38EF40072BBB1939004DFD61 /* SGTabbarViewController.swift in Sources */,
			);
			runOnlyForDeploymentPostprocessing = 0;
		};
/* End PBXSourcesBuildPhase section */

/* Begin PBXVariantGroup section */
		3890A44E2BB5E2DE00CEFB05 /* LaunchScreen.storyboard */ = {
			isa = PBXVariantGroup;
			children = (
				3890A44F2BB5E2DE00CEFB05 /* Base */,
			);
			name = LaunchScreen.storyboard;
			sourceTree = "<group>";
		};
/* End PBXVariantGroup section */

/* Begin XCBuildConfiguration section */
		3890A4522BB5E2DE00CEFB05 /* Debug */ = {
			isa = XCBuildConfiguration;
			buildSettings = {
				ALWAYS_SEARCH_USER_PATHS = NO;
				ASSETCATALOG_COMPILER_GENERATE_SWIFT_ASSET_SYMBOL_EXTENSIONS = YES;
				CLANG_ANALYZER_NONNULL = YES;
				CLANG_ANALYZER_NUMBER_OBJECT_CONVERSION = YES_AGGRESSIVE;
				CLANG_CXX_LANGUAGE_STANDARD = "gnu++20";
				CLANG_ENABLE_MODULES = YES;
				CLANG_ENABLE_OBJC_ARC = YES;
				CLANG_ENABLE_OBJC_WEAK = YES;
				CLANG_WARN_BLOCK_CAPTURE_AUTORELEASING = YES;
				CLANG_WARN_BOOL_CONVERSION = YES;
				CLANG_WARN_COMMA = YES;
				CLANG_WARN_CONSTANT_CONVERSION = YES;
				CLANG_WARN_DEPRECATED_OBJC_IMPLEMENTATIONS = YES;
				CLANG_WARN_DIRECT_OBJC_ISA_USAGE = YES_ERROR;
				CLANG_WARN_DOCUMENTATION_COMMENTS = YES;
				CLANG_WARN_EMPTY_BODY = YES;
				CLANG_WARN_ENUM_CONVERSION = YES;
				CLANG_WARN_INFINITE_RECURSION = YES;
				CLANG_WARN_INT_CONVERSION = YES;
				CLANG_WARN_NON_LITERAL_NULL_CONVERSION = YES;
				CLANG_WARN_OBJC_IMPLICIT_RETAIN_SELF = YES;
				CLANG_WARN_OBJC_LITERAL_CONVERSION = YES;
				CLANG_WARN_OBJC_ROOT_CLASS = YES_ERROR;
				CLANG_WARN_QUOTED_INCLUDE_IN_FRAMEWORK_HEADER = YES;
				CLANG_WARN_RANGE_LOOP_ANALYSIS = YES;
				CLANG_WARN_STRICT_PROTOTYPES = YES;
				CLANG_WARN_SUSPICIOUS_MOVE = YES;
				CLANG_WARN_UNGUARDED_AVAILABILITY = YES_AGGRESSIVE;
				CLANG_WARN_UNREACHABLE_CODE = YES;
				CLANG_WARN__DUPLICATE_METHOD_MATCH = YES;
				COPY_PHASE_STRIP = NO;
				DEBUG_INFORMATION_FORMAT = dwarf;
				ENABLE_STRICT_OBJC_MSGSEND = YES;
				ENABLE_TESTABILITY = YES;
				ENABLE_USER_SCRIPT_SANDBOXING = YES;
				GCC_C_LANGUAGE_STANDARD = gnu17;
				GCC_DYNAMIC_NO_PIC = NO;
				GCC_NO_COMMON_BLOCKS = YES;
				GCC_OPTIMIZATION_LEVEL = 0;
				GCC_PREPROCESSOR_DEFINITIONS = (
					"DEBUG=1",
					"$(inherited)",
				);
				GCC_WARN_64_TO_32_BIT_CONVERSION = YES;
				GCC_WARN_ABOUT_RETURN_TYPE = YES_ERROR;
				GCC_WARN_UNDECLARED_SELECTOR = YES;
				GCC_WARN_UNINITIALIZED_AUTOS = YES_AGGRESSIVE;
				GCC_WARN_UNUSED_FUNCTION = YES;
				GCC_WARN_UNUSED_VARIABLE = YES;
				IPHONEOS_DEPLOYMENT_TARGET = 17.2;
				LOCALIZATION_PREFERS_STRING_CATALOGS = YES;
				MTL_ENABLE_DEBUG_INFO = INCLUDE_SOURCE;
				MTL_FAST_MATH = YES;
				ONLY_ACTIVE_ARCH = YES;
				SDKROOT = iphoneos;
				SWIFT_ACTIVE_COMPILATION_CONDITIONS = "DEBUG $(inherited)";
				SWIFT_OPTIMIZATION_LEVEL = "-Onone";
			};
			name = Debug;
		};
		3890A4532BB5E2DE00CEFB05 /* Release */ = {
			isa = XCBuildConfiguration;
			buildSettings = {
				ALWAYS_SEARCH_USER_PATHS = NO;
				ASSETCATALOG_COMPILER_GENERATE_SWIFT_ASSET_SYMBOL_EXTENSIONS = YES;
				CLANG_ANALYZER_NONNULL = YES;
				CLANG_ANALYZER_NUMBER_OBJECT_CONVERSION = YES_AGGRESSIVE;
				CLANG_CXX_LANGUAGE_STANDARD = "gnu++20";
				CLANG_ENABLE_MODULES = YES;
				CLANG_ENABLE_OBJC_ARC = YES;
				CLANG_ENABLE_OBJC_WEAK = YES;
				CLANG_WARN_BLOCK_CAPTURE_AUTORELEASING = YES;
				CLANG_WARN_BOOL_CONVERSION = YES;
				CLANG_WARN_COMMA = YES;
				CLANG_WARN_CONSTANT_CONVERSION = YES;
				CLANG_WARN_DEPRECATED_OBJC_IMPLEMENTATIONS = YES;
				CLANG_WARN_DIRECT_OBJC_ISA_USAGE = YES_ERROR;
				CLANG_WARN_DOCUMENTATION_COMMENTS = YES;
				CLANG_WARN_EMPTY_BODY = YES;
				CLANG_WARN_ENUM_CONVERSION = YES;
				CLANG_WARN_INFINITE_RECURSION = YES;
				CLANG_WARN_INT_CONVERSION = YES;
				CLANG_WARN_NON_LITERAL_NULL_CONVERSION = YES;
				CLANG_WARN_OBJC_IMPLICIT_RETAIN_SELF = YES;
				CLANG_WARN_OBJC_LITERAL_CONVERSION = YES;
				CLANG_WARN_OBJC_ROOT_CLASS = YES_ERROR;
				CLANG_WARN_QUOTED_INCLUDE_IN_FRAMEWORK_HEADER = YES;
				CLANG_WARN_RANGE_LOOP_ANALYSIS = YES;
				CLANG_WARN_STRICT_PROTOTYPES = YES;
				CLANG_WARN_SUSPICIOUS_MOVE = YES;
				CLANG_WARN_UNGUARDED_AVAILABILITY = YES_AGGRESSIVE;
				CLANG_WARN_UNREACHABLE_CODE = YES;
				CLANG_WARN__DUPLICATE_METHOD_MATCH = YES;
				COPY_PHASE_STRIP = NO;
				DEBUG_INFORMATION_FORMAT = "dwarf-with-dsym";
				ENABLE_NS_ASSERTIONS = NO;
				ENABLE_STRICT_OBJC_MSGSEND = YES;
				ENABLE_USER_SCRIPT_SANDBOXING = YES;
				GCC_C_LANGUAGE_STANDARD = gnu17;
				GCC_NO_COMMON_BLOCKS = YES;
				GCC_WARN_64_TO_32_BIT_CONVERSION = YES;
				GCC_WARN_ABOUT_RETURN_TYPE = YES_ERROR;
				GCC_WARN_UNDECLARED_SELECTOR = YES;
				GCC_WARN_UNINITIALIZED_AUTOS = YES_AGGRESSIVE;
				GCC_WARN_UNUSED_FUNCTION = YES;
				GCC_WARN_UNUSED_VARIABLE = YES;
				IPHONEOS_DEPLOYMENT_TARGET = 17.2;
				LOCALIZATION_PREFERS_STRING_CATALOGS = YES;
				MTL_ENABLE_DEBUG_INFO = NO;
				MTL_FAST_MATH = YES;
				SDKROOT = iphoneos;
				SWIFT_COMPILATION_MODE = wholemodule;
				VALIDATE_PRODUCT = YES;
			};
			name = Release;
		};
		3890A4552BB5E2DE00CEFB05 /* Debug */ = {
			isa = XCBuildConfiguration;
			buildSettings = {
				ASSETCATALOG_COMPILER_APPICON_NAME = AppIcon;
				ASSETCATALOG_COMPILER_GLOBAL_ACCENT_COLOR_NAME = AccentColor;
				CODE_SIGN_STYLE = Automatic;
				CURRENT_PROJECT_VERSION = 1;
				DEVELOPMENT_TEAM = QV5G283426;
				GENERATE_INFOPLIST_FILE = YES;
				INFOPLIST_FILE = ScolioGuru/Info.plist;
				INFOPLIST_KEY_UIApplicationSupportsIndirectInputEvents = YES;
				INFOPLIST_KEY_UILaunchStoryboardName = LaunchScreen;
				INFOPLIST_KEY_UISupportedInterfaceOrientations_iPad = "UIInterfaceOrientationPortrait UIInterfaceOrientationPortraitUpsideDown UIInterfaceOrientationLandscapeLeft UIInterfaceOrientationLandscapeRight";
				INFOPLIST_KEY_UISupportedInterfaceOrientations_iPhone = "UIInterfaceOrientationPortrait UIInterfaceOrientationLandscapeLeft UIInterfaceOrientationLandscapeRight";
				IPHONEOS_DEPLOYMENT_TARGET = 15.0;
				LD_RUNPATH_SEARCH_PATHS = (
					"$(inherited)",
					"@executable_path/Frameworks",
				);
				MARKETING_VERSION = 1.0;
				PRODUCT_BUNDLE_IDENTIFIER = priyank.asu.ScolioGuru;
				PRODUCT_NAME = "$(TARGET_NAME)";
				SWIFT_EMIT_LOC_STRINGS = YES;
				SWIFT_VERSION = 5.0;
				TARGETED_DEVICE_FAMILY = "1,2";
			};
			name = Debug;
		};
		3890A4562BB5E2DE00CEFB05 /* Release */ = {
			isa = XCBuildConfiguration;
			buildSettings = {
				ASSETCATALOG_COMPILER_APPICON_NAME = AppIcon;
				ASSETCATALOG_COMPILER_GLOBAL_ACCENT_COLOR_NAME = AccentColor;
				CODE_SIGN_STYLE = Automatic;
				CURRENT_PROJECT_VERSION = 1;
				DEVELOPMENT_TEAM = QV5G283426;
				GENERATE_INFOPLIST_FILE = YES;
				INFOPLIST_FILE = ScolioGuru/Info.plist;
				INFOPLIST_KEY_UIApplicationSupportsIndirectInputEvents = YES;
				INFOPLIST_KEY_UILaunchStoryboardName = LaunchScreen;
				INFOPLIST_KEY_UISupportedInterfaceOrientations_iPad = "UIInterfaceOrientationPortrait UIInterfaceOrientationPortraitUpsideDown UIInterfaceOrientationLandscapeLeft UIInterfaceOrientationLandscapeRight";
				INFOPLIST_KEY_UISupportedInterfaceOrientations_iPhone = "UIInterfaceOrientationPortrait UIInterfaceOrientationLandscapeLeft UIInterfaceOrientationLandscapeRight";
				IPHONEOS_DEPLOYMENT_TARGET = 15.0;
				LD_RUNPATH_SEARCH_PATHS = (
					"$(inherited)",
					"@executable_path/Frameworks",
				);
				MARKETING_VERSION = 1.0;
				PRODUCT_BUNDLE_IDENTIFIER = priyank.asu.ScolioGuru;
				PRODUCT_NAME = "$(TARGET_NAME)";
				SWIFT_EMIT_LOC_STRINGS = YES;
				SWIFT_VERSION = 5.0;
				TARGETED_DEVICE_FAMILY = "1,2";
			};
			name = Release;
		};
/* End XCBuildConfiguration section */

/* Begin XCConfigurationList section */
		3890A43B2BB5E2DA00CEFB05 /* Build configuration list for PBXProject "ScolioGuru" */ = {
			isa = XCConfigurationList;
			buildConfigurations = (
				3890A4522BB5E2DE00CEFB05 /* Debug */,
				3890A4532BB5E2DE00CEFB05 /* Release */,
			);
			defaultConfigurationIsVisible = 0;
			defaultConfigurationName = Release;
		};
		3890A4542BB5E2DE00CEFB05 /* Build configuration list for PBXNativeTarget "ScolioGuru" */ = {
			isa = XCConfigurationList;
			buildConfigurations = (
				3890A4552BB5E2DE00CEFB05 /* Debug */,
				3890A4562BB5E2DE00CEFB05 /* Release */,
			);
			defaultConfigurationIsVisible = 0;
			defaultConfigurationName = Release;
		};
/* End XCConfigurationList section */
	};
	rootObject = 3890A4382BB5E2DA00CEFB05 /* Project object */;
}
